<?xml version="1.0" encoding="utf-8"?>
<Project ToolsVersion="4.0" xmlns="http://schemas.microsoft.com/developer/msbuild/2003">
  <ItemGroup>
    <Filter Include="소스 파일">
      <UniqueIdentifier>{4FC737F1-C7A5-4376-A066-2A32D752A2FF}</UniqueIdentifier>
      <Extensions>cpp;c;cc;cxx;def;odl;idl;hpj;bat;asm;asmx</Extensions>
    </Filter>
    <Filter Include="소스 파일\Engine">
      <UniqueIdentifier>{2257f30b-85c4-4e61-8b66-74f83e7ae604}</UniqueIdentifier>
    </Filter>
    <Filter Include="헤더 파일">
      <UniqueIdentifier>{93995380-89BD-4b04-88EB-625FBE52EBFB}</UniqueIdentifier>
      <Extensions>h;hpp;hxx;hm;inl;inc;xsd</Extensions>
    </Filter>
    <Filter Include="리소스 파일">
      <UniqueIdentifier>{67DA6AB6-F800-4c08-8B7A-83BB121AAD01}</UniqueIdentifier>
      <Extensions>rc;ico;cur;bmp;dlg;rc2;rct;bin;rgs;gif;jpg;jpeg;jpe;resx;tiff;tif;png;wav</Extensions>
    </Filter>
    <Filter Include="소스 파일\Precompiled Code">
      <UniqueIdentifier>{73aaa751-4d90-428b-a641-70af250ba197}</UniqueIdentifier>
    </Filter>
  </ItemGroup>
  <ItemGroup>
    <ClInclude Include="Zero.h">
      <Filter>소스 파일\Engine</Filter>
    </ClInclude>
    <ClInclude Include="ZeroAnimation.h">
      <Filter>소스 파일\Engine</Filter>
    </ClInclude>
    <ClInclude Include="ZeroApplication.h">
      <Filter>소스 파일\Engine</Filter>
    </ClInclude>
    <ClInclude Include="ZeroCameraManager.h">
      <Filter>소스 파일\Engine</Filter>
    </ClInclude>
    <ClInclude Include="ZeroConsole.h">
      <Filter>소스 파일\Engine</Filter>
    </ClInclude>
    <ClInclude Include="ZeroCursorManager.h">
      <Filter>소스 파일\Engine</Filter>
    </ClInclude>
    <ClInclude Include="ZeroEffectManager.h">
      <Filter>소스 파일\Engine</Filter>
    </ClInclude>
    <ClInclude Include="ZeroFont.h">
      <Filter>소스 파일\Engine</Filter>
    </ClInclude>
    <ClInclude Include="ZeroFxBlurH.h">
      <Filter>소스 파일\Engine</Filter>
    </ClInclude>
    <ClInclude Include="ZeroFxBlurV.h">
      <Filter>소스 파일\Engine</Filter>
    </ClInclude>
    <ClInclude Include="ZeroFxEdgeDetect.h">
      <Filter>소스 파일\Engine</Filter>
    </ClInclude>
    <ClInclude Include="ZeroFxGrayTone.h">
      <Filter>소스 파일\Engine</Filter>
    </ClInclude>
    <ClInclude Include="ZeroFxNightVision.h">
      <Filter>소스 파일\Engine</Filter>
    </ClInclude>
    <ClInclude Include="ZeroFxRadialBlur.h">
      <Filter>소스 파일\Engine</Filter>
    </ClInclude>
    <ClInclude Include="ZeroFxSepiaTone.h">
      <Filter>소스 파일\Engine</Filter>
    </ClInclude>
    <ClInclude Include="ZeroFxShake.h">
      <Filter>소스 파일\Engine</Filter>
    </ClInclude>
    <ClInclude Include="ZeroIEffect.h">
      <Filter>소스 파일\Engine</Filter>
    </ClInclude>
    <ClInclude Include="ZeroInputManager.h">
      <Filter>소스 파일\Engine</Filter>
    </ClInclude>
    <ClInclude Include="ZeroIParticle.h">
      <Filter>소스 파일\Engine</Filter>
    </ClInclude>
    <ClInclude Include="ZeroIScene.h">
      <Filter>소스 파일\Engine</Filter>
    </ClInclude>
    <ClInclude Include="ZeroIShader.h">
      <Filter>소스 파일\Engine</Filter>
    </ClInclude>
    <ClInclude Include="ZeroLine.h">
      <Filter>소스 파일\Engine</Filter>
    </ClInclude>
    <ClInclude Include="ZeroMat.h">
      <Filter>소스 파일\Engine</Filter>
    </ClInclude>
    <ClInclude Include="ZeroMathManager.h">
      <Filter>소스 파일\Engine</Filter>
    </ClInclude>
    <ClInclude Include="ZeroParticleSprite.h">
      <Filter>소스 파일\Engine</Filter>
    </ClInclude>
    <ClInclude Include="ZeroProcessMonitor.h">
      <Filter>소스 파일\Engine</Filter>
    </ClInclude>
    <ClInclude Include="ZeroRect.h">
      <Filter>소스 파일\Engine</Filter>
    </ClInclude>
    <ClInclude Include="ZeroRegulator.h">
      <Filter>소스 파일\Engine</Filter>
    </ClInclude>
    <ClInclude Include="ZeroRenderTarget.h">
      <Filter>소스 파일\Engine</Filter>
    </ClInclude>
    <ClInclude Include="ZeroRenderTargetManager.h">
      <Filter>소스 파일\Engine</Filter>
    </ClInclude>
    <ClInclude Include="ZeroRingBuffer.h">
      <Filter>소스 파일\Engine</Filter>
    </ClInclude>
    <ClInclude Include="ZeroSceneManager.h">
      <Filter>소스 파일\Engine</Filter>
    </ClInclude>
    <ClInclude Include="ZeroShaderManager.h">
      <Filter>소스 파일\Engine</Filter>
    </ClInclude>
    <ClInclude Include="ZeroSoundManager.h">
      <Filter>소스 파일\Engine</Filter>
    </ClInclude>
    <ClInclude Include="ZeroSprite.h">
      <Filter>소스 파일\Engine</Filter>
    </ClInclude>
    <ClInclude Include="ZeroSpriteManager.h">
      <Filter>소스 파일\Engine</Filter>
    </ClInclude>
    <ClInclude Include="ZeroTextureManager.h">
      <Filter>소스 파일\Engine</Filter>
    </ClInclude>
    <ClInclude Include="ZeroVec.h">
      <Filter>소스 파일\Engine</Filter>
    </ClInclude>
    <ClInclude Include="ZeroResource.h">
      <Filter>소스 파일\Engine</Filter>
    </ClInclude>
    <ClInclude Include="ZeroResourceManager.h">
      <Filter>소스 파일\Engine</Filter>
    </ClInclude>
    <ClInclude Include="ZeroTrSlideIn.h">
      <Filter>소스 파일\Engine</Filter>
    </ClInclude>
    <ClInclude Include="ZeroTrSmoothSwirlGrid.h">
      <Filter>소스 파일\Engine</Filter>
    </ClInclude>
    <ClInclude Include="ZeroTransition.h">
      <Filter>소스 파일\Engine</Filter>
    </ClInclude>
    <ClInclude Include="ZeroTrCircleReveal.h">
      <Filter>소스 파일\Engine</Filter>
    </ClInclude>
    <ClInclude Include="ZeroTrCircleStretch.h">
      <Filter>소스 파일\Engine</Filter>
    </ClInclude>
    <ClInclude Include="ZeroTrCloudReveal.h">
      <Filter>소스 파일\Engine</Filter>
    </ClInclude>
    <ClInclude Include="ZeroTrCrumble.h">
      <Filter>소스 파일\Engine</Filter>
    </ClInclude>
    <ClInclude Include="ZeroTrDropFade.h">
      <Filter>소스 파일\Engine</Filter>
    </ClInclude>
    <ClInclude Include="ZeroTrFade.h">
      <Filter>소스 파일\Engine</Filter>
    </ClInclude>
    <ClInclude Include="ZeroTrPixelate.h">
      <Filter>소스 파일\Engine</Filter>
    </ClInclude>
    <ClInclude Include="ZeroTrRadialBlur.h">
      <Filter>소스 파일\Engine</Filter>
    </ClInclude>
    <ClInclude Include="ZeroTrRadialWiggle.h">
      <Filter>소스 파일\Engine</Filter>
    </ClInclude>
    <ClInclude Include="ZeroTrRandomCircleReveal.h">
      <Filter>소스 파일\Engine</Filter>
    </ClInclude>
    <ClInclude Include="ZeroTrRipple.h">
      <Filter>소스 파일\Engine</Filter>
    </ClInclude>
    <ClInclude Include="ZeroTrRotateCrumble.h">
      <Filter>소스 파일\Engine</Filter>
    </ClInclude>
    <ClInclude Include="ZeroTrSaturate.h">
      <Filter>소스 파일\Engine</Filter>
    </ClInclude>
    <ClInclude Include="ZeroTrBandedSwirl.h">
      <Filter>소스 파일\Engine</Filter>
    </ClInclude>
    <ClInclude Include="stdafx.h">
      <Filter>소스 파일\Precompiled Code</Filter>
    </ClInclude>
    <ClInclude Include="ZeroFxFlashLight.h">
      <Filter>소스 파일\Engine</Filter>
    </ClInclude>
    <ClInclude Include="ZeroFxGaugeWave.h">
      <Filter>소스 파일\Engine</Filter>
    </ClInclude>
    <ClInclude Include="ZeroFxGlass.h">
      <Filter>소스 파일\Engine</Filter>
    </ClInclude>
    <ClInclude Include="ZeroFxWaveFade.h">
      <Filter>소스 파일\Engine</Filter>
    </ClInclude>
    <ClInclude Include="ZeroFxBloom.h">
      <Filter>소스 파일\Engine</Filter>
    </ClInclude>
  </ItemGroup>
  <ItemGroup>
    <ClCompile Include="ZeroAnimation.cpp">
      <Filter>소스 파일\Engine</Filter>
    </ClCompile>
    <ClCompile Include="ZeroApplication.cpp">
      <Filter>소스 파일\Engine</Filter>
    </ClCompile>
    <ClCompile Include="ZeroCameraManager.cpp">
      <Filter>소스 파일\Engine</Filter>
    </ClCompile>
    <ClCompile Include="ZeroCursorManager.cpp">
      <Filter>소스 파일\Engine</Filter>
    </ClCompile>
    <ClCompile Include="ZeroEffectManager.cpp">
      <Filter>소스 파일\Engine</Filter>
    </ClCompile>
    <ClCompile Include="ZeroFont.cpp">
      <Filter>소스 파일\Engine</Filter>
    </ClCompile>
    <ClCompile Include="ZeroFxBlurH.cpp">
      <Filter>소스 파일\Engine</Filter>
    </ClCompile>
    <ClCompile Include="ZeroFxBlurV.cpp">
      <Filter>소스 파일\Engine</Filter>
    </ClCompile>
    <ClCompile Include="ZeroFxEdgeDetect.cpp">
      <Filter>소스 파일\Engine</Filter>
    </ClCompile>
    <ClCompile Include="ZeroFxGrayTone.cpp">
      <Filter>소스 파일\Engine</Filter>
    </ClCompile>
    <ClCompile Include="ZeroFxNightVision.cpp">
      <Filter>소스 파일\Engine</Filter>
    </ClCompile>
    <ClCompile Include="ZeroFxRadialBlur.cpp">
      <Filter>소스 파일\Engine</Filter>
    </ClCompile>
    <ClCompile Include="ZeroFxSepiaTone.cpp">
      <Filter>소스 파일\Engine</Filter>
    </ClCompile>
    <ClCompile Include="ZeroFxShake.cpp">
      <Filter>소스 파일\Engine</Filter>
    </ClCompile>
    <ClCompile Include="ZeroIEffect.cpp">
      <Filter>소스 파일\Engine</Filter>
    </ClCompile>
    <ClCompile Include="ZeroInputManager.cpp">
      <Filter>소스 파일\Engine</Filter>
    </ClCompile>
    <ClCompile Include="ZeroIParticle.cpp">
      <Filter>소스 파일\Engine</Filter>
    </ClCompile>
    <ClCompile Include="ZeroIScene.cpp">
      <Filter>소스 파일\Engine</Filter>
    </ClCompile>
    <ClCompile Include="ZeroIShader.cpp">
      <Filter>소스 파일\Engine</Filter>
    </ClCompile>
    <ClCompile Include="ZeroLine.cpp">
      <Filter>소스 파일\Engine</Filter>
    </ClCompile>
    <ClCompile Include="ZeroMat.cpp">
      <Filter>소스 파일\Engine</Filter>
    </ClCompile>
    <ClCompile Include="ZeroMathManager.cpp">
      <Filter>소스 파일\Engine</Filter>
    </ClCompile>
    <ClCompile Include="ZeroParticleSprite.cpp">
      <Filter>소스 파일\Engine</Filter>
    </ClCompile>
    <ClCompile Include="ZeroProcessMonitor.cpp">
      <Filter>소스 파일\Engine</Filter>
    </ClCompile>
    <ClCompile Include="ZeroRenderTarget.cpp">
      <Filter>소스 파일\Engine</Filter>
    </ClCompile>
    <ClCompile Include="ZeroRenderTargetManager.cpp">
      <Filter>소스 파일\Engine</Filter>
    </ClCompile>
    <ClCompile Include="ZeroSceneManager.cpp">
      <Filter>소스 파일\Engine</Filter>
    </ClCompile>
    <ClCompile Include="ZeroShaderManager.cpp">
      <Filter>소스 파일\Engine</Filter>
    </ClCompile>
    <ClCompile Include="ZeroSoundManager.cpp">
      <Filter>소스 파일\Engine</Filter>
    </ClCompile>
    <ClCompile Include="ZeroSprite.cpp">
      <Filter>소스 파일\Engine</Filter>
    </ClCompile>
    <ClCompile Include="ZeroSpriteManager.cpp">
      <Filter>소스 파일\Engine</Filter>
    </ClCompile>
    <ClCompile Include="ZeroTextureManager.cpp">
      <Filter>소스 파일\Engine</Filter>
    </ClCompile>
    <ClCompile Include="ZeroVec.cpp">
      <Filter>소스 파일\Engine</Filter>
    </ClCompile>
    <ClCompile Include="ZeroResource.cpp">
      <Filter>소스 파일\Engine</Filter>
    </ClCompile>
    <ClCompile Include="ZeroResourceManager.cpp">
      <Filter>소스 파일\Engine</Filter>
    </ClCompile>
    <ClCompile Include="ZeroTrSmoothSwirlGrid.cpp">
      <Filter>소스 파일\Engine</Filter>
    </ClCompile>
    <ClCompile Include="ZeroTrCircleReveal.cpp">
      <Filter>소스 파일\Engine</Filter>
    </ClCompile>
    <ClCompile Include="ZeroTrCircleStretch.cpp">
      <Filter>소스 파일\Engine</Filter>
    </ClCompile>
    <ClCompile Include="ZeroTrCloudReveal.cpp">
      <Filter>소스 파일\Engine</Filter>
    </ClCompile>
    <ClCompile Include="ZeroTrCrumble.cpp">
      <Filter>소스 파일\Engine</Filter>
    </ClCompile>
    <ClCompile Include="ZeroTrDropFade.cpp">
      <Filter>소스 파일\Engine</Filter>
    </ClCompile>
    <ClCompile Include="ZeroTrFade.cpp">
      <Filter>소스 파일\Engine</Filter>
    </ClCompile>
    <ClCompile Include="ZeroTrPixelate.cpp">
      <Filter>소스 파일\Engine</Filter>
    </ClCompile>
    <ClCompile Include="ZeroTrRadialBlur.cpp">
      <Filter>소스 파일\Engine</Filter>
    </ClCompile>
    <ClCompile Include="ZeroTrRadialWiggle.cpp">
      <Filter>소스 파일\Engine</Filter>
    </ClCompile>
    <ClCompile Include="ZeroTrRandomCircleReveal.cpp">
      <Filter>소스 파일\Engine</Filter>
    </ClCompile>
    <ClCompile Include="ZeroTrRipple.cpp">
      <Filter>소스 파일\Engine</Filter>
    </ClCompile>
    <ClCompile Include="ZeroTrRotateCrumble.cpp">
      <Filter>소스 파일\Engine</Filter>
    </ClCompile>
    <ClCompile Include="ZeroTrSaturate.cpp">
      <Filter>소스 파일\Engine</Filter>
    </ClCompile>
    <ClCompile Include="ZeroTrSlideIn.cpp">
      <Filter>소스 파일\Engine</Filter>
    </ClCompile>
    <ClCompile Include="ZeroTrBandedSwirl.cpp">
      <Filter>소스 파일\Engine</Filter>
    </ClCompile>
    <ClCompile Include="ZeroConsole.cpp">
      <Filter>소스 파일\Engine</Filter>
    </ClCompile>
    <ClCompile Include="stdafx.cpp">
      <Filter>소스 파일\Precompiled Code</Filter>
    </ClCompile> 
    <ClCompile Include="ZeroFxGaugeWave.cpp">
      <Filter>소스 파일\Engine</Filter>
    </ClCompile>
    <ClCompile Include="ZeroFxGlass.cpp">
      <Filter>소스 파일\Engine</Filter>
    </ClCompile>
    <ClCompile Include="ZeroFxWaveFade.cpp">
      <Filter>소스 파일\Engine</Filter>
    </ClCompile>
    <ClCompile Include="ZeroFxBloom.cpp">
      <Filter>소스 파일\Engine</Filter>
    </ClCompile>
    <ClCompile Include="ZeroFxFlashLight.cpp">
      <Filter>소스 파일\Engine</Filter>
    </ClCompile>
  </ItemGroup>
  <ItemGroup>
    <Text Include="ReadMe.txt" />
  </ItemGroup>
</Project>